{
  "name": "vimspector-typescript",
  "version": "1.0.0",
  "lockfileVersion": 3,
  "requires": true,
  "packages": {
    "": {
      "name": "vimspector-typescript",
      "version": "1.0.0",
      "license": "Apache-2.0",
      "devDependencies": {
        "@tsconfig/node18": "2.0.0",
        "@types/node": "18.16.8",
        "typescript": "5.3.3"
      }
    },
    "node_modules/@tsconfig/node18": {
      "version": "2.0.0",
      "dev": true,
      "license": "MIT"
    },
    "node_modules/@types/node": {
      "version": "18.16.8",
      "dev": true,
      "license": "MIT"
    },
    "node_modules/typescript": {
      "version": "5.3.3",
      "dev": true,
      "license": "Apache-2.0",
      "bin": {
        "tsc": "bin/tsc",
        "tsserver": "bin/tsserver"
      },
      "engines": {
        "node": ">=14.17"
      }
    }
  }
}
